
Microsoft Visual Studio Solution File, Format Version 12.00
# Visual Studio 15
VisualStudioVersion = 15.0.26124.0
MinimumVisualStudioVersion = 15.0.26124.0
Project("{2150E333-8FDC-42A3-9474-1A3956D46DE8}") = "Code", "Code", "{9ECBCB6B-C88E-44F0-8B6B-A81BE7A698E3}"
EndProject
Project("{FAE04EC0-301F-11D3-BF4B-00C04F79EFBC}") = "DotnetTEST.Api", "Code\DotnetTEST.Api\DotnetTEST.Api.csproj", "{819904DE-2D05-4513-ADE8-373C67CDECB7}"
EndProject
Project("{FAE04EC0-301F-11D3-BF4B-00C04F79EFBC}") = "DotnetTEST.Business", "Code\DotnetTEST.Business\DotnetTEST.Business.csproj", "{257B07DF-9C21-4040-B6F2-F7277686060D}"
EndProject
Project("{FAE04EC0-301F-11D3-BF4B-00C04F79EFBC}") = "DotnetTEST.Common", "Code\DotnetTEST.Common\DotnetTEST.Common.csproj", "{1638F0C1-1A82-4C37-A78C-59326C3C8B35}"
EndProject
Project("{FAE04EC0-301F-11D3-BF4B-00C04F79EFBC}") = "DotnetTEST.Data", "Code\DotnetTEST.Data\DotnetTEST.Data.csproj", "{BCE058B9-1EA5-47C9-AE23-13D2F8ACD5E7}"
EndProject
Project("{FAE04EC0-301F-11D3-BF4B-00C04F79EFBC}") = "DotnetTEST.Entities", "Code\DotnetTEST.Entities\DotnetTEST.Entities.csproj", "{9083AD42-06C4-44EF-B478-53C0B4446AEB}"
EndProject
Global
	GlobalSection(SolutionConfigurationPlatforms) = preSolution
		Debug|Any CPU = Debug|Any CPU
		Debug|x64 = Debug|x64
		Debug|x86 = Debug|x86
		Release|Any CPU = Release|Any CPU
		Release|x64 = Release|x64
		Release|x86 = Release|x86
	EndGlobalSection
	GlobalSection(SolutionProperties) = preSolution
		HideSolutionNode = FALSE
	EndGlobalSection
	GlobalSection(ProjectConfigurationPlatforms) = postSolution
		{819904DE-2D05-4513-ADE8-373C67CDECB7}.Debug|Any CPU.ActiveCfg = Debug|Any CPU
		{819904DE-2D05-4513-ADE8-373C67CDECB7}.Debug|Any CPU.Build.0 = Debug|Any CPU
		{819904DE-2D05-4513-ADE8-373C67CDECB7}.Debug|x64.ActiveCfg = Debug|Any CPU
		{819904DE-2D05-4513-ADE8-373C67CDECB7}.Debug|x64.Build.0 = Debug|Any CPU
		{819904DE-2D05-4513-ADE8-373C67CDECB7}.Debug|x86.ActiveCfg = Debug|Any CPU
		{819904DE-2D05-4513-ADE8-373C67CDECB7}.Debug|x86.Build.0 = Debug|Any CPU
		{819904DE-2D05-4513-ADE8-373C67CDECB7}.Release|Any CPU.ActiveCfg = Release|Any CPU
		{819904DE-2D05-4513-ADE8-373C67CDECB7}.Release|Any CPU.Build.0 = Release|Any CPU
		{819904DE-2D05-4513-ADE8-373C67CDECB7}.Release|x64.ActiveCfg = Release|Any CPU
		{819904DE-2D05-4513-ADE8-373C67CDECB7}.Release|x64.Build.0 = Release|Any CPU
		{819904DE-2D05-4513-ADE8-373C67CDECB7}.Release|x86.ActiveCfg = Release|Any CPU
		{819904DE-2D05-4513-ADE8-373C67CDECB7}.Release|x86.Build.0 = Release|Any CPU
		{257B07DF-9C21-4040-B6F2-F7277686060D}.Debug|Any CPU.ActiveCfg = Debug|Any CPU
		{257B07DF-9C21-4040-B6F2-F7277686060D}.Debug|Any CPU.Build.0 = Debug|Any CPU
		{257B07DF-9C21-4040-B6F2-F7277686060D}.Debug|x64.ActiveCfg = Debug|Any CPU
		{257B07DF-9C21-4040-B6F2-F7277686060D}.Debug|x64.Build.0 = Debug|Any CPU
		{257B07DF-9C21-4040-B6F2-F7277686060D}.Debug|x86.ActiveCfg = Debug|Any CPU
		{257B07DF-9C21-4040-B6F2-F7277686060D}.Debug|x86.Build.0 = Debug|Any CPU
		{257B07DF-9C21-4040-B6F2-F7277686060D}.Release|Any CPU.ActiveCfg = Release|Any CPU
		{257B07DF-9C21-4040-B6F2-F7277686060D}.Release|Any CPU.Build.0 = Release|Any CPU
		{257B07DF-9C21-4040-B6F2-F7277686060D}.Release|x64.ActiveCfg = Release|Any CPU
		{257B07DF-9C21-4040-B6F2-F7277686060D}.Release|x64.Build.0 = Release|Any CPU
		{257B07DF-9C21-4040-B6F2-F7277686060D}.Release|x86.ActiveCfg = Release|Any CPU
		{257B07DF-9C21-4040-B6F2-F7277686060D}.Release|x86.Build.0 = Release|Any CPU
		{1638F0C1-1A82-4C37-A78C-59326C3C8B35}.Debug|Any CPU.ActiveCfg = Debug|Any CPU
		{1638F0C1-1A82-4C37-A78C-59326C3C8B35}.Debug|Any CPU.Build.0 = Debug|Any CPU
		{1638F0C1-1A82-4C37-A78C-59326C3C8B35}.Debug|x64.ActiveCfg = Debug|Any CPU
		{1638F0C1-1A82-4C37-A78C-59326C3C8B35}.Debug|x64.Build.0 = Debug|Any CPU
		{1638F0C1-1A82-4C37-A78C-59326C3C8B35}.Debug|x86.ActiveCfg = Debug|Any CPU
		{1638F0C1-1A82-4C37-A78C-59326C3C8B35}.Debug|x86.Build.0 = Debug|Any CPU
		{1638F0C1-1A82-4C37-A78C-59326C3C8B35}.Release|Any CPU.ActiveCfg = Release|Any CPU
		{1638F0C1-1A82-4C37-A78C-59326C3C8B35}.Release|Any CPU.Build.0 = Release|Any CPU
		{1638F0C1-1A82-4C37-A78C-59326C3C8B35}.Release|x64.ActiveCfg = Release|Any CPU
		{1638F0C1-1A82-4C37-A78C-59326C3C8B35}.Release|x64.Build.0 = Release|Any CPU
		{1638F0C1-1A82-4C37-A78C-59326C3C8B35}.Release|x86.ActiveCfg = Release|Any CPU
		{1638F0C1-1A82-4C37-A78C-59326C3C8B35}.Release|x86.Build.0 = Release|Any CPU
		{BCE058B9-1EA5-47C9-AE23-13D2F8ACD5E7}.Debug|Any CPU.ActiveCfg = Debug|Any CPU
		{BCE058B9-1EA5-47C9-AE23-13D2F8ACD5E7}.Debug|Any CPU.Build.0 = Debug|Any CPU
		{BCE058B9-1EA5-47C9-AE23-13D2F8ACD5E7}.Debug|x64.ActiveCfg = Debug|Any CPU
		{BCE058B9-1EA5-47C9-AE23-13D2F8ACD5E7}.Debug|x64.Build.0 = Debug|Any CPU
		{BCE058B9-1EA5-47C9-AE23-13D2F8ACD5E7}.Debug|x86.ActiveCfg = Debug|Any CPU
		{BCE058B9-1EA5-47C9-AE23-13D2F8ACD5E7}.Debug|x86.Build.0 = Debug|Any CPU
		{BCE058B9-1EA5-47C9-AE23-13D2F8ACD5E7}.Release|Any CPU.ActiveCfg = Release|Any CPU
		{BCE058B9-1EA5-47C9-AE23-13D2F8ACD5E7}.Release|Any CPU.Build.0 = Release|Any CPU
		{BCE058B9-1EA5-47C9-AE23-13D2F8ACD5E7}.Release|x64.ActiveCfg = Release|Any CPU
		{BCE058B9-1EA5-47C9-AE23-13D2F8ACD5E7}.Release|x64.Build.0 = Release|Any CPU
		{BCE058B9-1EA5-47C9-AE23-13D2F8ACD5E7}.Release|x86.ActiveCfg = Release|Any CPU
		{BCE058B9-1EA5-47C9-AE23-13D2F8ACD5E7}.Release|x86.Build.0 = Release|Any CPU
		{9083AD42-06C4-44EF-B478-53C0B4446AEB}.Debug|Any CPU.ActiveCfg = Debug|Any CPU
		{9083AD42-06C4-44EF-B478-53C0B4446AEB}.Debug|Any CPU.Build.0 = Debug|Any CPU
		{9083AD42-06C4-44EF-B478-53C0B4446AEB}.Debug|x64.ActiveCfg = Debug|Any CPU
		{9083AD42-06C4-44EF-B478-53C0B4446AEB}.Debug|x64.Build.0 = Debug|Any CPU
		{9083AD42-06C4-44EF-B478-53C0B4446AEB}.Debug|x86.ActiveCfg = Debug|Any CPU
		{9083AD42-06C4-44EF-B478-53C0B4446AEB}.Debug|x86.Build.0 = Debug|Any CPU
		{9083AD42-06C4-44EF-B478-53C0B4446AEB}.Release|Any CPU.ActiveCfg = Release|Any CPU
		{9083AD42-06C4-44EF-B478-53C0B4446AEB}.Release|Any CPU.Build.0 = Release|Any CPU
		{9083AD42-06C4-44EF-B478-53C0B4446AEB}.Release|x64.ActiveCfg = Release|Any CPU
		{9083AD42-06C4-44EF-B478-53C0B4446AEB}.Release|x64.Build.0 = Release|Any CPU
		{9083AD42-06C4-44EF-B478-53C0B4446AEB}.Release|x86.ActiveCfg = Release|Any CPU
		{9083AD42-06C4-44EF-B478-53C0B4446AEB}.Release|x86.Build.0 = Release|Any CPU
	EndGlobalSection
	GlobalSection(NestedProjects) = preSolution
		{819904DE-2D05-4513-ADE8-373C67CDECB7} = {9ECBCB6B-C88E-44F0-8B6B-A81BE7A698E3}
		{257B07DF-9C21-4040-B6F2-F7277686060D} = {9ECBCB6B-C88E-44F0-8B6B-A81BE7A698E3}
		{1638F0C1-1A82-4C37-A78C-59326C3C8B35} = {9ECBCB6B-C88E-44F0-8B6B-A81BE7A698E3}
		{BCE058B9-1EA5-47C9-AE23-13D2F8ACD5E7} = {9ECBCB6B-C88E-44F0-8B6B-A81BE7A698E3}
		{9083AD42-06C4-44EF-B478-53C0B4446AEB} = {9ECBCB6B-C88E-44F0-8B6B-A81BE7A698E3}
	EndGlobalSection
EndGlobal
